
Microsoft Visual Studio Solution File, Format Version 12.00
# Visual Studio Version 17
VisualStudioVersion = 17.2.32630.192
MinimumVisualStudioVersion = 10.0.40219.1
Project("{FAE04EC0-301F-11D3-BF4B-00C04F79EFBC}") = "pleasegodwork", "pleasegodwork\pleasegodwork.csproj", "{6CC657D3-212F-4A4E-9396-14352D2639CC}"
EndProject
Global
	GlobalSection(SolutionConfigurationPlatforms) = preSolution
		Debug|Any CPU = Debug|Any CPU
		Release|Any CPU = Release|Any CPU
	EndGlobalSection
	GlobalSection(ProjectConfigurationPlatforms) = postSolution
		{6CC657D3-212F-4A4E-9396-14352D2639CC}.Debug|Any CPU.ActiveCfg = Debug|Any CPU
		{6CC657D3-212F-4A4E-9396-14352D2639CC}.Debug|Any CPU.Build.0 = Debug|Any CPU
		{6CC657D3-212F-4A4E-9396-14352D2639CC}.Release|Any CPU.ActiveCfg = Release|Any CPU
		{6CC657D3-212F-4A4E-9396-14352D2639CC}.Release|Any CPU.Build.0 = Release|Any CPU
	EndGlobalSection
	GlobalSection(SolutionProperties) = preSolution
		HideSolutionNode = FALSE
	EndGlobalSection
	GlobalSection(ExtensibilityGlobals) = postSolution
		SolutionGuid = {D1895864-9632-488C-A806-FBDA45581E46}
	EndGlobalSection
EndGlobal
